
Microsoft Visual Studio Solution File, Format Version 12.00
# Visual Studio Version 17
VisualStudioVersion = 17.14.36518.9 d17.14
MinimumVisualStudioVersion = 10.0.40219.1
Project("{FAE04EC0-301F-11D3-BF4B-00C04F79EFBC}") = "лабаос 3", "лабаос 3\лабаос 3.csproj", "{4A6CA1C9-95F1-44A6-BBE8-AF598913AA20}"
EndProject
Global
	GlobalSection(SolutionConfigurationPlatforms) = preSolution
		Debug|Any CPU = Debug|Any CPU
		Release|Any CPU = Release|Any CPU
	EndGlobalSection
	GlobalSection(ProjectConfigurationPlatforms) = postSolution
		{4A6CA1C9-95F1-44A6-BBE8-AF598913AA20}.Debug|Any CPU.ActiveCfg = Debug|Any CPU
		{4A6CA1C9-95F1-44A6-BBE8-AF598913AA20}.Debug|Any CPU.Build.0 = Debug|Any CPU
		{4A6CA1C9-95F1-44A6-BBE8-AF598913AA20}.Release|Any CPU.ActiveCfg = Release|Any CPU
		{4A6CA1C9-95F1-44A6-BBE8-AF598913AA20}.Release|Any CPU.Build.0 = Release|Any CPU
	EndGlobalSection
	GlobalSection(SolutionProperties) = preSolution
		HideSolutionNode = FALSE
	EndGlobalSection
	GlobalSection(ExtensibilityGlobals) = postSolution
		SolutionGuid = {BBC25721-92F6-4A12-9454-EF18746A2D09}
	EndGlobalSection
EndGlobal
